
Microsoft Visual Studio Solution File, Format Version 12.00
# Visual Studio Version 16
VisualStudioVersion = 16.0.29123.88
MinimumVisualStudioVersion = 10.0.40219.1
Project("{FAE04EC0-301F-11D3-BF4B-00C04F79EFBC}") = "AsteroidGame", "AstGame\AsteroidGame.csproj", "{88FC2408-998D-41F9-9A60-E7F1146D66D7}"
EndProject
Project("{FAE04EC0-301F-11D3-BF4B-00C04F79EFBC}") = "Test", "Test\Test.csproj", "{37E1A504-92D5-4B72-B66B-FFEED0C43EAA}"
EndProject
Global
	GlobalSection(SolutionConfigurationPlatforms) = preSolution
		Debug|Any CPU = Debug|Any CPU
		Release|Any CPU = Release|Any CPU
	EndGlobalSection
	GlobalSection(ProjectConfigurationPlatforms) = postSolution
		{88FC2408-998D-41F9-9A60-E7F1146D66D7}.Debug|Any CPU.ActiveCfg = Debug|Any CPU
		{88FC2408-998D-41F9-9A60-E7F1146D66D7}.Debug|Any CPU.Build.0 = Debug|Any CPU
		{88FC2408-998D-41F9-9A60-E7F1146D66D7}.Release|Any CPU.ActiveCfg = Release|Any CPU
		{88FC2408-998D-41F9-9A60-E7F1146D66D7}.Release|Any CPU.Build.0 = Release|Any CPU
		{37E1A504-92D5-4B72-B66B-FFEED0C43EAA}.Debug|Any CPU.ActiveCfg = Debug|Any CPU
		{37E1A504-92D5-4B72-B66B-FFEED0C43EAA}.Debug|Any CPU.Build.0 = Debug|Any CPU
		{37E1A504-92D5-4B72-B66B-FFEED0C43EAA}.Release|Any CPU.ActiveCfg = Release|Any CPU
		{37E1A504-92D5-4B72-B66B-FFEED0C43EAA}.Release|Any CPU.Build.0 = Release|Any CPU
	EndGlobalSection
	GlobalSection(SolutionProperties) = preSolution
		HideSolutionNode = FALSE
	EndGlobalSection
	GlobalSection(ExtensibilityGlobals) = postSolution
		SolutionGuid = {136BC8E4-E5CD-4CF0-AA0F-698047587C83}
	EndGlobalSection
EndGlobal
